{
	"name": "react-polymorphic-types",
	"version": "1.0.3",
	"lockfileVersion": 1,
	"requires": true,
	"dependencies": {
		"@types/prop-types": {
			"version": "15.7.3",
			"resolved": "https://registry.npmjs.org/@types/prop-types/-/prop-types-15.7.3.tgz",
			"integrity": "sha512-KfRL3PuHmqQLOG+2tGpRO26Ctg+Cq1E01D2DMriKEATHgWLfeNDmq9e29Q9WIky0dQ3NPkd1mzYH8Lm936Z9qw==",
			"dev": true
		},
		"@types/react": {
			"version": "17.0.3",
			"resolved": "https://registry.npmjs.org/@types/react/-/react-17.0.3.tgz",
			"integrity": "sha512-wYOUxIgs2HZZ0ACNiIayItyluADNbONl7kt8lkLjVK8IitMH5QMyAh75Fwhmo37r1m7L2JaFj03sIfxBVDvRAg==",
			"dev": true,
			"requires": {
				"@types/prop-types": "*",
				"@types/scheduler": "*",
				"csstype": "^3.0.2"
			}
		},
		"@types/scheduler": {
			"version": "0.16.1",
			"resolved": "https://registry.npmjs.org/@types/scheduler/-/scheduler-0.16.1.tgz",
			"integrity": "sha512-EaCxbanVeyxDRTQBkdLb3Bvl/HK7PBK6UJjsSixB0iHKoWxE5uu2Q/DgtpOhPIojN0Zl1whvOd7PoHs2P0s5eA==",
			"dev": true
		},
		"csstype": {
			"version": "3.0.7",
			"resolved": "https://registry.npmjs.org/csstype/-/csstype-3.0.7.tgz",
			"integrity": "sha512-KxnUB0ZMlnUWCsx2Z8MUsr6qV6ja1w9ArPErJaJaF8a5SOWoHLIszeCTKGRGRgtLgYrs1E8CHkNSP1VZTTPc9g==",
			"dev": true
		},
		"prettier": {
			"version": "2.2.1",
			"resolved": "https://registry.npmjs.org/prettier/-/prettier-2.2.1.tgz",
			"integrity": "sha512-PqyhM2yCjg/oKkFPtTGUojv7gnZAoG80ttl45O6x2Ug/rMJw4wcc9k6aaf2hibP7BGVCCM33gZoGjyvt9mm16Q==",
			"dev": true
		},
		"typescript": {
			"version": "4.2.3",
			"resolved": "https://registry.npmjs.org/typescript/-/typescript-4.2.3.tgz",
			"integrity": "sha512-qOcYwxaByStAWrBf4x0fibwZvMRG+r4cQoTjbPtUlrWjBHbmCAww1i448U0GJ+3cNNEtebDteo/cHOR3xJ4wEw==",
			"dev": true
		}
	}
}
